
Microsoft Visual Studio Solution File, Format Version 12.00
# Visual Studio Version 16
VisualStudioVersion = 16.0.30114.105
MinimumVisualStudioVersion = 10.0.40219.1
Project("{FAE04EC0-301F-11D3-BF4B-00C04F79EFBC}") = "RED_BOT", "RED_BOT.csproj", "{256B1136-52A7-4529-B69E-4CAA3CEE8514}"
EndProject
Global
	GlobalSection(SolutionConfigurationPlatforms) = preSolution
		Debug|Any CPU = Debug|Any CPU
		Release|Any CPU = Release|Any CPU
	EndGlobalSection
	GlobalSection(ProjectConfigurationPlatforms) = postSolution
		{256B1136-52A7-4529-B69E-4CAA3CEE8514}.Debug|Any CPU.ActiveCfg = Debug|Any CPU
		{256B1136-52A7-4529-B69E-4CAA3CEE8514}.Debug|Any CPU.Build.0 = Debug|Any CPU
		{256B1136-52A7-4529-B69E-4CAA3CEE8514}.Release|Any CPU.ActiveCfg = Release|Any CPU
		{256B1136-52A7-4529-B69E-4CAA3CEE8514}.Release|Any CPU.Build.0 = Release|Any CPU
	EndGlobalSection
	GlobalSection(SolutionProperties) = preSolution
		HideSolutionNode = FALSE
	EndGlobalSection
	GlobalSection(ExtensibilityGlobals) = postSolution
		SolutionGuid = {EEFFA768-196B-400B-A020-EFD0B54C8676}
	EndGlobalSection
EndGlobal
